<?xml version="1.0" encoding="utf-8"?>
<Project ToolsVersion="4.0" xmlns="http://schemas.microsoft.com/developer/msbuild/2003">
  <ItemGroup>
    <Filter Include="Source Files">
      <UniqueIdentifier>{74b5a770-a92a-47b3-aa6c-6b681ff7fb91}</UniqueIdentifier>
      <Extensions>cpp;c;cxx;rc;def;r;odl;idl;hpj;bat</Extensions>
    </Filter>
    <Filter Include="Header Files">
      <UniqueIdentifier>{9e962053-e908-4cc9-b18b-34348e2c50df}</UniqueIdentifier>
      <Extensions>h;hpp;hxx;hm;inl</Extensions>
    </Filter>
    <Filter Include="Resource Files">
      <UniqueIdentifier>{2c58d4fb-d1a1-4a5e-958a-6ef897ea13b4}</UniqueIdentifier>
      <Extensions>ico;cur;bmp;dlg;rc2;rct;bin;rgs;gif;jpg;jpeg;jpe</Extensions>
    </Filter>
  </ItemGroup>
  <ItemGroup>
    <ClCompile Include="GroupedString.cpp">
      <Filter>Source Files</Filter>
    </ClCompile>
    <ClCompile Include="RTSSProfileInterface.cpp">
      <Filter>Source Files</Filter>
    </ClCompile>
    <ClCompile Include="RTSSSharedMemorySample.cpp">
      <Filter>Source Files</Filter>
    </ClCompile>
    <ClCompile Include="RTSSSharedMemorySampleDlg.cpp">
      <Filter>Source Files</Filter>
    </ClCompile>
    <ClCompile Include="StdAfx.cpp">
      <Filter>Source Files</Filter>
    </ClCompile>
  </ItemGroup>
  <ItemGroup>
    <ResourceCompile Include="RTSSSharedMemorySample.rc">
      <Filter>Source Files</Filter>
    </ResourceCompile>
  </ItemGroup>
  <ItemGroup>
    <ClInclude Include="GroupedString.h">
      <Filter>Header Files</Filter>
    </ClInclude>
    <ClInclude Include="Resource.h">
      <Filter>Header Files</Filter>
    </ClInclude>
    <ClInclude Include="RTSSProfileInterface.h">
      <Filter>Header Files</Filter>
    </ClInclude>
    <ClInclude Include="RTSSSharedMemorySample.h">
      <Filter>Header Files</Filter>
    </ClInclude>
    <ClInclude Include="RTSSSharedMemorySampleDlg.h">
      <Filter>Header Files</Filter>
    </ClInclude>
    <ClInclude Include="StdAfx.h">
      <Filter>Header Files</Filter>
    </ClInclude>
  </ItemGroup>
  <ItemGroup>
    <Image Include="res\RTSSSharedMemorySample.ico">
      <Filter>Resource Files</Filter>
    </Image>
  </ItemGroup>
  <ItemGroup>
    <None Include="res\RTSSSharedMemorySample.rc2">
      <Filter>Resource Files</Filter>
    </None>
  </ItemGroup>
</Project>